
Microsoft Visual Studio Solution File, Format Version 12.00
# Visual Studio 15
VisualStudioVersion = 15.0.28307.168
MinimumVisualStudioVersion = 10.0.40219.1
Project("{FAE04EC0-301F-11D3-BF4B-00C04F79EFBC}") = "XamarinMiniCrm.Android", "XamarinMiniCrm\XamarinMiniCrm.Android\XamarinMiniCrm.Android.csproj", "{50C1CB68-9899-4211-AED1-B90E7A3F6154}"
EndProject
Project("{FAE04EC0-301F-11D3-BF4B-00C04F79EFBC}") = "XamarinMiniCrm.iOS", "XamarinMiniCrm\XamarinMiniCrm.iOS\XamarinMiniCrm.iOS.csproj", "{7BC98F55-C66B-4342-8430-B86AA3847BD5}"
EndProject
Project("{FAE04EC0-301F-11D3-BF4B-00C04F79EFBC}") = "XamarinMiniCrm.UWP", "XamarinMiniCrm\XamarinMiniCrm.UWP\XamarinMiniCrm.UWP.csproj", "{63C9C96B-8F8F-4E1D-B2D3-A430B603BC5E}"
EndProject
Project("{FAE04EC0-301F-11D3-BF4B-00C04F79EFBC}") = "XamarinMiniCrm", "XamarinMiniCrm\XamarinMiniCrm\XamarinMiniCrm.csproj", "{F66218B7-FB38-4BEF-8DD0-8F7C2D6C1918}"
EndProject
Global
	GlobalSection(SolutionConfigurationPlatforms) = preSolution
		Debug|Any CPU = Debug|Any CPU
		Debug|ARM = Debug|ARM
		Debug|iPhone = Debug|iPhone
		Debug|iPhoneSimulator = Debug|iPhoneSimulator
		Debug|x64 = Debug|x64
		Debug|x86 = Debug|x86
		Release|Any CPU = Release|Any CPU
		Release|ARM = Release|ARM
		Release|iPhone = Release|iPhone
		Release|iPhoneSimulator = Release|iPhoneSimulator
		Release|x64 = Release|x64
		Release|x86 = Release|x86
	EndGlobalSection
	GlobalSection(ProjectConfigurationPlatforms) = postSolution
		{50C1CB68-9899-4211-AED1-B90E7A3F6154}.Debug|Any CPU.ActiveCfg = Debug|Any CPU
		{50C1CB68-9899-4211-AED1-B90E7A3F6154}.Debug|Any CPU.Build.0 = Debug|Any CPU
		{50C1CB68-9899-4211-AED1-B90E7A3F6154}.Debug|Any CPU.Deploy.0 = Debug|Any CPU
		{50C1CB68-9899-4211-AED1-B90E7A3F6154}.Debug|ARM.ActiveCfg = Debug|Any CPU
		{50C1CB68-9899-4211-AED1-B90E7A3F6154}.Debug|ARM.Build.0 = Debug|Any CPU
		{50C1CB68-9899-4211-AED1-B90E7A3F6154}.Debug|ARM.Deploy.0 = Debug|Any CPU
		{50C1CB68-9899-4211-AED1-B90E7A3F6154}.Debug|iPhone.ActiveCfg = Debug|Any CPU
		{50C1CB68-9899-4211-AED1-B90E7A3F6154}.Debug|iPhone.Build.0 = Debug|Any CPU
		{50C1CB68-9899-4211-AED1-B90E7A3F6154}.Debug|iPhone.Deploy.0 = Debug|Any CPU
		{50C1CB68-9899-4211-AED1-B90E7A3F6154}.Debug|iPhoneSimulator.ActiveCfg = Debug|Any CPU
		{50C1CB68-9899-4211-AED1-B90E7A3F6154}.Debug|iPhoneSimulator.Build.0 = Debug|Any CPU
		{50C1CB68-9899-4211-AED1-B90E7A3F6154}.Debug|iPhoneSimulator.Deploy.0 = Debug|Any CPU
		{50C1CB68-9899-4211-AED1-B90E7A3F6154}.Debug|x64.ActiveCfg = Debug|Any CPU
		{50C1CB68-9899-4211-AED1-B90E7A3F6154}.Debug|x64.Build.0 = Debug|Any CPU
		{50C1CB68-9899-4211-AED1-B90E7A3F6154}.Debug|x64.Deploy.0 = Debug|Any CPU
		{50C1CB68-9899-4211-AED1-B90E7A3F6154}.Debug|x86.ActiveCfg = Debug|Any CPU
		{50C1CB68-9899-4211-AED1-B90E7A3F6154}.Debug|x86.Build.0 = Debug|Any CPU
		{50C1CB68-9899-4211-AED1-B90E7A3F6154}.Debug|x86.Deploy.0 = Debug|Any CPU
		{50C1CB68-9899-4211-AED1-B90E7A3F6154}.Release|Any CPU.ActiveCfg = Release|Any CPU
		{50C1CB68-9899-4211-AED1-B90E7A3F6154}.Release|Any CPU.Build.0 = Release|Any CPU
		{50C1CB68-9899-4211-AED1-B90E7A3F6154}.Release|Any CPU.Deploy.0 = Release|Any CPU
		{50C1CB68-9899-4211-AED1-B90E7A3F6154}.Release|ARM.ActiveCfg = Release|Any CPU
		{50C1CB68-9899-4211-AED1-B90E7A3F6154}.Release|ARM.Build.0 = Release|Any CPU
		{50C1CB68-9899-4211-AED1-B90E7A3F6154}.Release|ARM.Deploy.0 = Release|Any CPU
		{50C1CB68-9899-4211-AED1-B90E7A3F6154}.Release|iPhone.ActiveCfg = Release|Any CPU
		{50C1CB68-9899-4211-AED1-B90E7A3F6154}.Release|iPhone.Build.0 = Release|Any CPU
		{50C1CB68-9899-4211-AED1-B90E7A3F6154}.Release|iPhone.Deploy.0 = Release|Any CPU
		{50C1CB68-9899-4211-AED1-B90E7A3F6154}.Release|iPhoneSimulator.ActiveCfg = Release|Any CPU
		{50C1CB68-9899-4211-AED1-B90E7A3F6154}.Release|iPhoneSimulator.Build.0 = Release|Any CPU
		{50C1CB68-9899-4211-AED1-B90E7A3F6154}.Release|iPhoneSimulator.Deploy.0 = Release|Any CPU
		{50C1CB68-9899-4211-AED1-B90E7A3F6154}.Release|x64.ActiveCfg = Release|Any CPU
		{50C1CB68-9899-4211-AED1-B90E7A3F6154}.Release|x64.Build.0 = Release|Any CPU
		{50C1CB68-9899-4211-AED1-B90E7A3F6154}.Release|x64.Deploy.0 = Release|Any CPU
		{50C1CB68-9899-4211-AED1-B90E7A3F6154}.Release|x86.ActiveCfg = Release|Any CPU
		{50C1CB68-9899-4211-AED1-B90E7A3F6154}.Release|x86.Build.0 = Release|Any CPU
		{50C1CB68-9899-4211-AED1-B90E7A3F6154}.Release|x86.Deploy.0 = Release|Any CPU
		{7BC98F55-C66B-4342-8430-B86AA3847BD5}.Debug|Any CPU.ActiveCfg = Debug|iPhoneSimulator
		{7BC98F55-C66B-4342-8430-B86AA3847BD5}.Debug|Any CPU.Build.0 = Debug|iPhoneSimulator
		{7BC98F55-C66B-4342-8430-B86AA3847BD5}.Debug|Any CPU.Deploy.0 = Debug|iPhoneSimulator
		{7BC98F55-C66B-4342-8430-B86AA3847BD5}.Debug|ARM.ActiveCfg = Debug|iPhone
		{7BC98F55-C66B-4342-8430-B86AA3847BD5}.Debug|ARM.Build.0 = Debug|iPhone
		{7BC98F55-C66B-4342-8430-B86AA3847BD5}.Debug|ARM.Deploy.0 = Debug|iPhone
		{7BC98F55-C66B-4342-8430-B86AA3847BD5}.Debug|iPhone.ActiveCfg = Debug|iPhone
		{7BC98F55-C66B-4342-8430-B86AA3847BD5}.Debug|iPhone.Build.0 = Debug|iPhone
		{7BC98F55-C66B-4342-8430-B86AA3847BD5}.Debug|iPhone.Deploy.0 = Debug|iPhone
		{7BC98F55-C66B-4342-8430-B86AA3847BD5}.Debug|iPhoneSimulator.ActiveCfg = Debug|iPhoneSimulator
		{7BC98F55-C66B-4342-8430-B86AA3847BD5}.Debug|iPhoneSimulator.Build.0 = Debug|iPhoneSimulator
		{7BC98F55-C66B-4342-8430-B86AA3847BD5}.Debug|iPhoneSimulator.Deploy.0 = Debug|iPhoneSimulator
		{7BC98F55-C66B-4342-8430-B86AA3847BD5}.Debug|x64.ActiveCfg = Debug|iPhone
		{7BC98F55-C66B-4342-8430-B86AA3847BD5}.Debug|x64.Build.0 = Debug|iPhone
		{7BC98F55-C66B-4342-8430-B86AA3847BD5}.Debug|x64.Deploy.0 = Debug|iPhone
		{7BC98F55-C66B-4342-8430-B86AA3847BD5}.Debug|x86.ActiveCfg = Debug|iPhone
		{7BC98F55-C66B-4342-8430-B86AA3847BD5}.Debug|x86.Build.0 = Debug|iPhone
		{7BC98F55-C66B-4342-8430-B86AA3847BD5}.Debug|x86.Deploy.0 = Debug|iPhone
		{7BC98F55-C66B-4342-8430-B86AA3847BD5}.Release|Any CPU.ActiveCfg = Release|iPhone
		{7BC98F55-C66B-4342-8430-B86AA3847BD5}.Release|Any CPU.Build.0 = Release|iPhone
		{7BC98F55-C66B-4342-8430-B86AA3847BD5}.Release|Any CPU.Deploy.0 = Release|iPhone
		{7BC98F55-C66B-4342-8430-B86AA3847BD5}.Release|ARM.ActiveCfg = Release|iPhone
		{7BC98F55-C66B-4342-8430-B86AA3847BD5}.Release|ARM.Build.0 = Release|iPhone
		{7BC98F55-C66B-4342-8430-B86AA3847BD5}.Release|ARM.Deploy.0 = Release|iPhone
		{7BC98F55-C66B-4342-8430-B86AA3847BD5}.Release|iPhone.ActiveCfg = Release|iPhone
		{7BC98F55-C66B-4342-8430-B86AA3847BD5}.Release|iPhone.Build.0 = Release|iPhone
		{7BC98F55-C66B-4342-8430-B86AA3847BD5}.Release|iPhone.Deploy.0 = Release|iPhone
		{7BC98F55-C66B-4342-8430-B86AA3847BD5}.Release|iPhoneSimulator.ActiveCfg = Release|iPhoneSimulator
		{7BC98F55-C66B-4342-8430-B86AA3847BD5}.Release|iPhoneSimulator.Build.0 = Release|iPhoneSimulator
		{7BC98F55-C66B-4342-8430-B86AA3847BD5}.Release|iPhoneSimulator.Deploy.0 = Release|iPhoneSimulator
		{7BC98F55-C66B-4342-8430-B86AA3847BD5}.Release|x64.ActiveCfg = Release|iPhone
		{7BC98F55-C66B-4342-8430-B86AA3847BD5}.Release|x64.Build.0 = Release|iPhone
		{7BC98F55-C66B-4342-8430-B86AA3847BD5}.Release|x64.Deploy.0 = Release|iPhone
		{7BC98F55-C66B-4342-8430-B86AA3847BD5}.Release|x86.ActiveCfg = Release|iPhone
		{7BC98F55-C66B-4342-8430-B86AA3847BD5}.Release|x86.Build.0 = Release|iPhone
		{7BC98F55-C66B-4342-8430-B86AA3847BD5}.Release|x86.Deploy.0 = Release|iPhone
		{63C9C96B-8F8F-4E1D-B2D3-A430B603BC5E}.Debug|Any CPU.ActiveCfg = Debug|x86
		{63C9C96B-8F8F-4E1D-B2D3-A430B603BC5E}.Debug|Any CPU.Build.0 = Debug|x86
		{63C9C96B-8F8F-4E1D-B2D3-A430B603BC5E}.Debug|Any CPU.Deploy.0 = Debug|x86
		{63C9C96B-8F8F-4E1D-B2D3-A430B603BC5E}.Debug|ARM.ActiveCfg = Debug|ARM
		{63C9C96B-8F8F-4E1D-B2D3-A430B603BC5E}.Debug|ARM.Build.0 = Debug|ARM
		{63C9C96B-8F8F-4E1D-B2D3-A430B603BC5E}.Debug|ARM.Deploy.0 = Debug|ARM
		{63C9C96B-8F8F-4E1D-B2D3-A430B603BC5E}.Debug|iPhone.ActiveCfg = Debug|x86
		{63C9C96B-8F8F-4E1D-B2D3-A430B603BC5E}.Debug|iPhone.Build.0 = Debug|x86
		{63C9C96B-8F8F-4E1D-B2D3-A430B603BC5E}.Debug|iPhone.Deploy.0 = Debug|x86
		{63C9C96B-8F8F-4E1D-B2D3-A430B603BC5E}.Debug|iPhoneSimulator.ActiveCfg = Debug|x86
		{63C9C96B-8F8F-4E1D-B2D3-A430B603BC5E}.Debug|iPhoneSimulator.Build.0 = Debug|x86
		{63C9C96B-8F8F-4E1D-B2D3-A430B603BC5E}.Debug|iPhoneSimulator.Deploy.0 = Debug|x86
		{63C9C96B-8F8F-4E1D-B2D3-A430B603BC5E}.Debug|x64.ActiveCfg = Debug|x64
		{63C9C96B-8F8F-4E1D-B2D3-A430B603BC5E}.Debug|x64.Build.0 = Debug|x64
		{63C9C96B-8F8F-4E1D-B2D3-A430B603BC5E}.Debug|x64.Deploy.0 = Debug|x64
		{63C9C96B-8F8F-4E1D-B2D3-A430B603BC5E}.Debug|x86.ActiveCfg = Debug|x86
		{63C9C96B-8F8F-4E1D-B2D3-A430B603BC5E}.Debug|x86.Build.0 = Debug|x86
		{63C9C96B-8F8F-4E1D-B2D3-A430B603BC5E}.Debug|x86.Deploy.0 = Debug|x86
		{63C9C96B-8F8F-4E1D-B2D3-A430B603BC5E}.Release|Any CPU.ActiveCfg = Release|x86
		{63C9C96B-8F8F-4E1D-B2D3-A430B603BC5E}.Release|Any CPU.Build.0 = Release|x86
		{63C9C96B-8F8F-4E1D-B2D3-A430B603BC5E}.Release|Any CPU.Deploy.0 = Release|x86
		{63C9C96B-8F8F-4E1D-B2D3-A430B603BC5E}.Release|ARM.ActiveCfg = Release|ARM
		{63C9C96B-8F8F-4E1D-B2D3-A430B603BC5E}.Release|ARM.Build.0 = Release|ARM
		{63C9C96B-8F8F-4E1D-B2D3-A430B603BC5E}.Release|ARM.Deploy.0 = Release|ARM
		{63C9C96B-8F8F-4E1D-B2D3-A430B603BC5E}.Release|iPhone.ActiveCfg = Release|x86
		{63C9C96B-8F8F-4E1D-B2D3-A430B603BC5E}.Release|iPhone.Build.0 = Release|x86
		{63C9C96B-8F8F-4E1D-B2D3-A430B603BC5E}.Release|iPhone.Deploy.0 = Release|x86
		{63C9C96B-8F8F-4E1D-B2D3-A430B603BC5E}.Release|iPhoneSimulator.ActiveCfg = Release|x86
		{63C9C96B-8F8F-4E1D-B2D3-A430B603BC5E}.Release|iPhoneSimulator.Build.0 = Release|x86
		{63C9C96B-8F8F-4E1D-B2D3-A430B603BC5E}.Release|iPhoneSimulator.Deploy.0 = Release|x86
		{63C9C96B-8F8F-4E1D-B2D3-A430B603BC5E}.Release|x64.ActiveCfg = Release|x64
		{63C9C96B-8F8F-4E1D-B2D3-A430B603BC5E}.Release|x64.Build.0 = Release|x64
		{63C9C96B-8F8F-4E1D-B2D3-A430B603BC5E}.Release|x64.Deploy.0 = Release|x64
		{63C9C96B-8F8F-4E1D-B2D3-A430B603BC5E}.Release|x86.ActiveCfg = Release|x86
		{63C9C96B-8F8F-4E1D-B2D3-A430B603BC5E}.Release|x86.Build.0 = Release|x86
		{63C9C96B-8F8F-4E1D-B2D3-A430B603BC5E}.Release|x86.Deploy.0 = Release|x86
		{F66218B7-FB38-4BEF-8DD0-8F7C2D6C1918}.Debug|Any CPU.ActiveCfg = Debug|Any CPU
		{F66218B7-FB38-4BEF-8DD0-8F7C2D6C1918}.Debug|Any CPU.Build.0 = Debug|Any CPU
		{F66218B7-FB38-4BEF-8DD0-8F7C2D6C1918}.Debug|Any CPU.Deploy.0 = Debug|Any CPU
		{F66218B7-FB38-4BEF-8DD0-8F7C2D6C1918}.Debug|ARM.ActiveCfg = Debug|Any CPU
		{F66218B7-FB38-4BEF-8DD0-8F7C2D6C1918}.Debug|ARM.Build.0 = Debug|Any CPU
		{F66218B7-FB38-4BEF-8DD0-8F7C2D6C1918}.Debug|ARM.Deploy.0 = Debug|Any CPU
		{F66218B7-FB38-4BEF-8DD0-8F7C2D6C1918}.Debug|iPhone.ActiveCfg = Debug|Any CPU
		{F66218B7-FB38-4BEF-8DD0-8F7C2D6C1918}.Debug|iPhone.Build.0 = Debug|Any CPU
		{F66218B7-FB38-4BEF-8DD0-8F7C2D6C1918}.Debug|iPhone.Deploy.0 = Debug|Any CPU
		{F66218B7-FB38-4BEF-8DD0-8F7C2D6C1918}.Debug|iPhoneSimulator.ActiveCfg = Debug|Any CPU
		{F66218B7-FB38-4BEF-8DD0-8F7C2D6C1918}.Debug|iPhoneSimulator.Build.0 = Debug|Any CPU
		{F66218B7-FB38-4BEF-8DD0-8F7C2D6C1918}.Debug|iPhoneSimulator.Deploy.0 = Debug|Any CPU
		{F66218B7-FB38-4BEF-8DD0-8F7C2D6C1918}.Debug|x64.ActiveCfg = Debug|Any CPU
		{F66218B7-FB38-4BEF-8DD0-8F7C2D6C1918}.Debug|x64.Build.0 = Debug|Any CPU
		{F66218B7-FB38-4BEF-8DD0-8F7C2D6C1918}.Debug|x64.Deploy.0 = Debug|Any CPU
		{F66218B7-FB38-4BEF-8DD0-8F7C2D6C1918}.Debug|x86.ActiveCfg = Debug|Any CPU
		{F66218B7-FB38-4BEF-8DD0-8F7C2D6C1918}.Debug|x86.Build.0 = Debug|Any CPU
		{F66218B7-FB38-4BEF-8DD0-8F7C2D6C1918}.Debug|x86.Deploy.0 = Debug|Any CPU
		{F66218B7-FB38-4BEF-8DD0-8F7C2D6C1918}.Release|Any CPU.ActiveCfg = Release|Any CPU
		{F66218B7-FB38-4BEF-8DD0-8F7C2D6C1918}.Release|Any CPU.Build.0 = Release|Any CPU
		{F66218B7-FB38-4BEF-8DD0-8F7C2D6C1918}.Release|Any CPU.Deploy.0 = Release|Any CPU
		{F66218B7-FB38-4BEF-8DD0-8F7C2D6C1918}.Release|ARM.ActiveCfg = Release|Any CPU
		{F66218B7-FB38-4BEF-8DD0-8F7C2D6C1918}.Release|ARM.Build.0 = Release|Any CPU
		{F66218B7-FB38-4BEF-8DD0-8F7C2D6C1918}.Release|ARM.Deploy.0 = Release|Any CPU
		{F66218B7-FB38-4BEF-8DD0-8F7C2D6C1918}.Release|iPhone.ActiveCfg = Release|Any CPU
		{F66218B7-FB38-4BEF-8DD0-8F7C2D6C1918}.Release|iPhone.Build.0 = Release|Any CPU
		{F66218B7-FB38-4BEF-8DD0-8F7C2D6C1918}.Release|iPhone.Deploy.0 = Release|Any CPU
		{F66218B7-FB38-4BEF-8DD0-8F7C2D6C1918}.Release|iPhoneSimulator.ActiveCfg = Release|Any CPU
		{F66218B7-FB38-4BEF-8DD0-8F7C2D6C1918}.Release|iPhoneSimulator.Build.0 = Release|Any CPU
		{F66218B7-FB38-4BEF-8DD0-8F7C2D6C1918}.Release|iPhoneSimulator.Deploy.0 = Release|Any CPU
		{F66218B7-FB38-4BEF-8DD0-8F7C2D6C1918}.Release|x64.ActiveCfg = Release|Any CPU
		{F66218B7-FB38-4BEF-8DD0-8F7C2D6C1918}.Release|x64.Build.0 = Release|Any CPU
		{F66218B7-FB38-4BEF-8DD0-8F7C2D6C1918}.Release|x64.Deploy.0 = Release|Any CPU
		{F66218B7-FB38-4BEF-8DD0-8F7C2D6C1918}.Release|x86.ActiveCfg = Release|Any CPU
		{F66218B7-FB38-4BEF-8DD0-8F7C2D6C1918}.Release|x86.Build.0 = Release|Any CPU
		{F66218B7-FB38-4BEF-8DD0-8F7C2D6C1918}.Release|x86.Deploy.0 = Release|Any CPU
	EndGlobalSection
	GlobalSection(SolutionProperties) = preSolution
		HideSolutionNode = FALSE
	EndGlobalSection
	GlobalSection(ExtensibilityGlobals) = postSolution
		SolutionGuid = {E579103A-F85E-4604-AA5C-248D54C5A879}
	EndGlobalSection
EndGlobal
